
Microsoft Visual Studio Solution File, Format Version 12.00
# Visual Studio Version 17
VisualStudioVersion = 17.5.33627.172
MinimumVisualStudioVersion = 10.0.40219.1
Project("{FAE04EC0-301F-11D3-BF4B-00C04F79EFBC}") = "ShoppingListAPI", "ShoppingListAPI\ShoppingListAPI.csproj", "{135CF4BE-82E2-44FE-AD75-FE1272C5C472}"
EndProject
Global
	GlobalSection(SolutionConfigurationPlatforms) = preSolution
		Debug|Any CPU = Debug|Any CPU
		Release|Any CPU = Release|Any CPU
	EndGlobalSection
	GlobalSection(ProjectConfigurationPlatforms) = postSolution
		{135CF4BE-82E2-44FE-AD75-FE1272C5C472}.Debug|Any CPU.ActiveCfg = Debug|Any CPU
		{135CF4BE-82E2-44FE-AD75-FE1272C5C472}.Debug|Any CPU.Build.0 = Debug|Any CPU
		{135CF4BE-82E2-44FE-AD75-FE1272C5C472}.Release|Any CPU.ActiveCfg = Release|Any CPU
		{135CF4BE-82E2-44FE-AD75-FE1272C5C472}.Release|Any CPU.Build.0 = Release|Any CPU
	EndGlobalSection
	GlobalSection(SolutionProperties) = preSolution
		HideSolutionNode = FALSE
	EndGlobalSection
	GlobalSection(ExtensibilityGlobals) = postSolution
		SolutionGuid = {386C8938-3EA7-4709-89A5-20E7AE4CFAE0}
	EndGlobalSection
EndGlobal
